
Microsoft Visual Studio Solution File, Format Version 12.00
Project("{2150E333-8FDC-42A3-9474-1A3956D46DE8}") = "Core", "Core", "{08A3FA85-5709-406D-B19E-5FD30162642C}"
EndProject
Project("{FAE04EC0-301F-11D3-BF4B-00C04F79EFBC}") = "JSON.App.Core", "JSON.App.Core\JSON.App.Core.csproj", "{F5FDE351-CEBF-42CB-A558-4F0E31484282}"
EndProject
Project("{FAE04EC0-301F-11D3-BF4B-00C04F79EFBC}") = "JSON.APP.Core.Entity", "JSON.APP.Core.Entity\JSON.APP.Core.Entity.csproj", "{633077CB-7E5A-4F98-AD1F-B937C27F4529}"
EndProject
Project("{2150E333-8FDC-42A3-9474-1A3956D46DE8}") = "Repositories", "Repositories", "{201422F5-49D9-40D2-A555-E43A9E5EEA0D}"
EndProject
Project("{FAE04EC0-301F-11D3-BF4B-00C04F79EFBC}") = "JSON.App.Infrastructure", "JSON.App.Infrastructure\JSON.App.Infrastructure.csproj", "{94352B9D-D4EF-4DAC-AA3C-154EB752FCB8}"
EndProject
Project("{2150E333-8FDC-42A3-9474-1A3956D46DE8}") = "Test", "Test", "{2894B1A6-5D4C-4E5C-9F19-FE4D32AACCA0}"
EndProject
Project("{FAE04EC0-301F-11D3-BF4B-00C04F79EFBC}") = "JSON.App.Test", "JSON.App.Test\JSON.App.Test.csproj", "{7E044C7C-9109-4FE4-9E0D-E9DAD5031D2A}"
EndProject
Project("{FAE04EC0-301F-11D3-BF4B-00C04F79EFBC}") = "ConsoleApp1", "ConsoleApp1\ConsoleApp1.csproj", "{24988BD8-C43A-4458-8B3D-4BEAFDD9BF7A}"
EndProject
Global
	GlobalSection(SolutionConfigurationPlatforms) = preSolution
		Debug|Any CPU = Debug|Any CPU
		Release|Any CPU = Release|Any CPU
	EndGlobalSection
	GlobalSection(NestedProjects) = preSolution
		{F5FDE351-CEBF-42CB-A558-4F0E31484282} = {08A3FA85-5709-406D-B19E-5FD30162642C}
		{633077CB-7E5A-4F98-AD1F-B937C27F4529} = {08A3FA85-5709-406D-B19E-5FD30162642C}
		{94352B9D-D4EF-4DAC-AA3C-154EB752FCB8} = {201422F5-49D9-40D2-A555-E43A9E5EEA0D}
		{7E044C7C-9109-4FE4-9E0D-E9DAD5031D2A} = {2894B1A6-5D4C-4E5C-9F19-FE4D32AACCA0}
	EndGlobalSection
	GlobalSection(ProjectConfigurationPlatforms) = postSolution
		{F5FDE351-CEBF-42CB-A558-4F0E31484282}.Debug|Any CPU.ActiveCfg = Debug|Any CPU
		{F5FDE351-CEBF-42CB-A558-4F0E31484282}.Debug|Any CPU.Build.0 = Debug|Any CPU
		{F5FDE351-CEBF-42CB-A558-4F0E31484282}.Release|Any CPU.ActiveCfg = Release|Any CPU
		{F5FDE351-CEBF-42CB-A558-4F0E31484282}.Release|Any CPU.Build.0 = Release|Any CPU
		{633077CB-7E5A-4F98-AD1F-B937C27F4529}.Debug|Any CPU.ActiveCfg = Debug|Any CPU
		{633077CB-7E5A-4F98-AD1F-B937C27F4529}.Debug|Any CPU.Build.0 = Debug|Any CPU
		{633077CB-7E5A-4F98-AD1F-B937C27F4529}.Release|Any CPU.ActiveCfg = Release|Any CPU
		{633077CB-7E5A-4F98-AD1F-B937C27F4529}.Release|Any CPU.Build.0 = Release|Any CPU
		{94352B9D-D4EF-4DAC-AA3C-154EB752FCB8}.Debug|Any CPU.ActiveCfg = Debug|Any CPU
		{94352B9D-D4EF-4DAC-AA3C-154EB752FCB8}.Debug|Any CPU.Build.0 = Debug|Any CPU
		{94352B9D-D4EF-4DAC-AA3C-154EB752FCB8}.Release|Any CPU.ActiveCfg = Release|Any CPU
		{94352B9D-D4EF-4DAC-AA3C-154EB752FCB8}.Release|Any CPU.Build.0 = Release|Any CPU
		{7E044C7C-9109-4FE4-9E0D-E9DAD5031D2A}.Debug|Any CPU.ActiveCfg = Debug|Any CPU
		{7E044C7C-9109-4FE4-9E0D-E9DAD5031D2A}.Debug|Any CPU.Build.0 = Debug|Any CPU
		{7E044C7C-9109-4FE4-9E0D-E9DAD5031D2A}.Release|Any CPU.ActiveCfg = Release|Any CPU
		{7E044C7C-9109-4FE4-9E0D-E9DAD5031D2A}.Release|Any CPU.Build.0 = Release|Any CPU
		{24988BD8-C43A-4458-8B3D-4BEAFDD9BF7A}.Debug|Any CPU.ActiveCfg = Debug|Any CPU
		{24988BD8-C43A-4458-8B3D-4BEAFDD9BF7A}.Debug|Any CPU.Build.0 = Debug|Any CPU
		{24988BD8-C43A-4458-8B3D-4BEAFDD9BF7A}.Release|Any CPU.ActiveCfg = Release|Any CPU
		{24988BD8-C43A-4458-8B3D-4BEAFDD9BF7A}.Release|Any CPU.Build.0 = Release|Any CPU
	EndGlobalSection
EndGlobal
